// !$*UTF8*$!
{
	archiveVersion = 1;
	classes = {
	};
	objectVersion = 56;
	objects = {

/* Begin PBXBuildFile section */
		CC1BCA102B14957F009311E0 /* NameOfEpisodeView.swift in Sources */ = {isa = PBXBuildFile; fileRef = CC1BCA0F2B14957F009311E0 /* NameOfEpisodeView.swift */; };
		CC1BCA122B14A4C9009311E0 /* UIColorExtension.swift in Sources */ = {isa = PBXBuildFile; fileRef = CC1BCA112B14A4C9009311E0 /* UIColorExtension.swift */; };
		CC6956692B133D310048F86E /* FavouritesViewController.swift in Sources */ = {isa = PBXBuildFile; fileRef = CC6956682B133D310048F86E /* FavouritesViewController.swift */; };
		CC69566B2B134AF80048F86E /* Assets.xcassets in Resources */ = {isa = PBXBuildFile; fileRef = CC69566A2B134AF80048F86E /* Assets.xcassets */; };
		CC69566F2B134EB80048F86E /* TabBaController.swift in Sources */ = {isa = PBXBuildFile; fileRef = CC69566E2B134EB80048F86E /* TabBaController.swift */; };
		CC6956712B1380D10048F86E /* EpisodeCollectionViewCustomCell.swift in Sources */ = {isa = PBXBuildFile; fileRef = CC6956702B1380D10048F86E /* EpisodeCollectionViewCustomCell.swift */; };
		CC6C2D632B0E4CC0003C5F2E /* AppDelegate.swift in Sources */ = {isa = PBXBuildFile; fileRef = CC6C2D622B0E4CC0003C5F2E /* AppDelegate.swift */; };
		CC6C2D652B0E4CC0003C5F2E /* SceneDelegate.swift in Sources */ = {isa = PBXBuildFile; fileRef = CC6C2D642B0E4CC0003C5F2E /* SceneDelegate.swift */; };
		CC6C2D672B0E4CC0003C5F2E /* LaunchScreenViewController.swift in Sources */ = {isa = PBXBuildFile; fileRef = CC6C2D662B0E4CC0003C5F2E /* LaunchScreenViewController.swift */; };
		CC6C2D6A2B0E4CC0003C5F2E /* Main.storyboard in Resources */ = {isa = PBXBuildFile; fileRef = CC6C2D682B0E4CC0003C5F2E /* Main.storyboard */; };
		CC6C2D6F2B0E4CC4003C5F2E /* LaunchScreen.storyboard in Resources */ = {isa = PBXBuildFile; fileRef = CC6C2D6D2B0E4CC4003C5F2E /* LaunchScreen.storyboard */; };
		CC6C2D772B0E4D67003C5F2E /* EpisodeViewController.swift in Sources */ = {isa = PBXBuildFile; fileRef = CC6C2D762B0E4D67003C5F2E /* EpisodeViewController.swift */; };
		CC86F3372B17634A00326809 /* CharacterRequestModel.swift in Sources */ = {isa = PBXBuildFile; fileRef = CC86F3362B17634A00326809 /* CharacterRequestModel.swift */; };
		CC86F33D2B17658500326809 /* UIImageViewExtension.swift in Sources */ = {isa = PBXBuildFile; fileRef = CC86F33C2B17658500326809 /* UIImageViewExtension.swift */; };
		CC8ADB2D2B153A0C00D122E7 /* EpisodeRequestModel.swift in Sources */ = {isa = PBXBuildFile; fileRef = CC8ADB2C2B153A0C00D122E7 /* EpisodeRequestModel.swift */; };
/* End PBXBuildFile section */

/* Begin PBXFileReference section */
		CC1BCA0F2B14957F009311E0 /* NameOfEpisodeView.swift */ = {isa = PBXFileReference; lastKnownFileType = sourcecode.swift; path = NameOfEpisodeView.swift; sourceTree = "<group>"; };
		CC1BCA112B14A4C9009311E0 /* UIColorExtension.swift */ = {isa = PBXFileReference; lastKnownFileType = sourcecode.swift; path = UIColorExtension.swift; sourceTree = "<group>"; };
		CC6956682B133D310048F86E /* FavouritesViewController.swift */ = {isa = PBXFileReference; lastKnownFileType = sourcecode.swift; path = FavouritesViewController.swift; sourceTree = "<group>"; };
		CC69566A2B134AF80048F86E /* Assets.xcassets */ = {isa = PBXFileReference; lastKnownFileType = folder.assetcatalog; path = Assets.xcassets; sourceTree = "<group>"; };
		CC69566E2B134EB80048F86E /* TabBaController.swift */ = {isa = PBXFileReference; lastKnownFileType = sourcecode.swift; path = TabBaController.swift; sourceTree = "<group>"; };
		CC6956702B1380D10048F86E /* EpisodeCollectionViewCustomCell.swift */ = {isa = PBXFileReference; lastKnownFileType = sourcecode.swift; path = EpisodeCollectionViewCustomCell.swift; sourceTree = "<group>"; };
		CC6C2D5F2B0E4CC0003C5F2E /* RickAndMorty.app */ = {isa = PBXFileReference; explicitFileType = wrapper.application; includeInIndex = 0; path = RickAndMorty.app; sourceTree = BUILT_PRODUCTS_DIR; };
		CC6C2D622B0E4CC0003C5F2E /* AppDelegate.swift */ = {isa = PBXFileReference; lastKnownFileType = sourcecode.swift; path = AppDelegate.swift; sourceTree = "<group>"; };
		CC6C2D642B0E4CC0003C5F2E /* SceneDelegate.swift */ = {isa = PBXFileReference; lastKnownFileType = sourcecode.swift; path = SceneDelegate.swift; sourceTree = "<group>"; };
		CC6C2D662B0E4CC0003C5F2E /* LaunchScreenViewController.swift */ = {isa = PBXFileReference; lastKnownFileType = sourcecode.swift; path = LaunchScreenViewController.swift; sourceTree = "<group>"; };
		CC6C2D692B0E4CC0003C5F2E /* Base */ = {isa = PBXFileReference; lastKnownFileType = file.storyboard; name = Base; path = Base.lproj/Main.storyboard; sourceTree = "<group>"; };
		CC6C2D6E2B0E4CC4003C5F2E /* Base */ = {isa = PBXFileReference; lastKnownFileType = file.storyboard; name = Base; path = Base.lproj/LaunchScreen.storyboard; sourceTree = "<group>"; };
		CC6C2D702B0E4CC4003C5F2E /* Info.plist */ = {isa = PBXFileReference; lastKnownFileType = text.plist.xml; path = Info.plist; sourceTree = "<group>"; };
		CC6C2D762B0E4D67003C5F2E /* EpisodeViewController.swift */ = {isa = PBXFileReference; lastKnownFileType = sourcecode.swift; path = EpisodeViewController.swift; sourceTree = "<group>"; };
		CC86F3362B17634A00326809 /* CharacterRequestModel.swift */ = {isa = PBXFileReference; lastKnownFileType = sourcecode.swift; path = CharacterRequestModel.swift; sourceTree = "<group>"; };
		CC86F33C2B17658500326809 /* UIImageViewExtension.swift */ = {isa = PBXFileReference; lastKnownFileType = sourcecode.swift; path = UIImageViewExtension.swift; sourceTree = "<group>"; };
		CC8ADB2C2B153A0C00D122E7 /* EpisodeRequestModel.swift */ = {isa = PBXFileReference; lastKnownFileType = sourcecode.swift; path = EpisodeRequestModel.swift; sourceTree = "<group>"; };
/* End PBXFileReference section */

/* Begin PBXFrameworksBuildPhase section */
		CC6C2D5C2B0E4CC0003C5F2E /* Frameworks */ = {
			isa = PBXFrameworksBuildPhase;
			buildActionMask = 2147483647;
			files = (
			);
			runOnlyForDeploymentPostprocessing = 0;
		};
/* End PBXFrameworksBuildPhase section */

/* Begin PBXGroup section */
		CC6C2D562B0E4CC0003C5F2E = {
			isa = PBXGroup;
			children = (
				CC6C2D612B0E4CC0003C5F2E /* RickAndMorty */,
				CC6C2D602B0E4CC0003C5F2E /* Products */,
			);
			sourceTree = "<group>";
		};
		CC6C2D602B0E4CC0003C5F2E /* Products */ = {
			isa = PBXGroup;
			children = (
				CC6C2D5F2B0E4CC0003C5F2E /* RickAndMorty.app */,
			);
			name = Products;
			sourceTree = "<group>";
		};
		CC6C2D612B0E4CC0003C5F2E /* RickAndMorty */ = {
			isa = PBXGroup;
			children = (
				CC6C2D622B0E4CC0003C5F2E /* AppDelegate.swift */,
				CC6C2D642B0E4CC0003C5F2E /* SceneDelegate.swift */,
				CC86F3382B17648E00326809 /* Models */,
				CC86F3392B1764A700326809 /* LaunchViewCotroller */,
				CC86F33E2B177CAC00326809 /* TabBarViewController */,
				CC86F33B2B1764F600326809 /* Helpers */,
				CC6C2D682B0E4CC0003C5F2E /* Main.storyboard */,
				CC69566A2B134AF80048F86E /* Assets.xcassets */,
				CC6C2D6D2B0E4CC4003C5F2E /* LaunchScreen.storyboard */,
				CC6C2D702B0E4CC4003C5F2E /* Info.plist */,
			);
			path = RickAndMorty;
			sourceTree = "<group>";
		};
		CC86F3382B17648E00326809 /* Models */ = {
			isa = PBXGroup;
			children = (
				CC8ADB2C2B153A0C00D122E7 /* EpisodeRequestModel.swift */,
				CC86F3362B17634A00326809 /* CharacterRequestModel.swift */,
			);
			path = Models;
			sourceTree = "<group>";
		};
		CC86F3392B1764A700326809 /* LaunchViewCotroller */ = {
			isa = PBXGroup;
			children = (
				CC6C2D662B0E4CC0003C5F2E /* LaunchScreenViewController.swift */,
			);
			path = LaunchViewCotroller;
			sourceTree = "<group>";
		};
		CC86F33A2B1764C600326809 /* Views&Cells */ = {
			isa = PBXGroup;
			children = (
				CC6956702B1380D10048F86E /* EpisodeCollectionViewCustomCell.swift */,
				CC1BCA0F2B14957F009311E0 /* NameOfEpisodeView.swift */,
			);
			path = "Views&Cells";
			sourceTree = "<group>";
		};
		CC86F33B2B1764F600326809 /* Helpers */ = {
			isa = PBXGroup;
			children = (
				CC1BCA112B14A4C9009311E0 /* UIColorExtension.swift */,
				CC86F33C2B17658500326809 /* UIImageViewExtension.swift */,
			);
			path = Helpers;
			sourceTree = "<group>";
		};
		CC86F33E2B177CAC00326809 /* TabBarViewController */ = {
			isa = PBXGroup;
			children = (
				CC69566E2B134EB80048F86E /* TabBaController.swift */,
				CC86F33F2B177D1300326809 /* Controllers */,
			);
			path = TabBarViewController;
			sourceTree = "<group>";
		};
		CC86F33F2B177D1300326809 /* Controllers */ = {
			isa = PBXGroup;
			children = (
				CC86F3412B17801B00326809 /* EpisodeController */,
				CC86F3432B17808000326809 /* FavouriteController */,
			);
			path = Controllers;
			sourceTree = "<group>";
		};
		CC86F3412B17801B00326809 /* EpisodeController */ = {
			isa = PBXGroup;
			children = (
				CC6C2D762B0E4D67003C5F2E /* EpisodeViewController.swift */,
				CC86F33A2B1764C600326809 /* Views&Cells */,
			);
			path = EpisodeController;
			sourceTree = "<group>";
		};
		CC86F3432B17808000326809 /* FavouriteController */ = {
			isa = PBXGroup;
			children = (
				CC6956682B133D310048F86E /* FavouritesViewController.swift */,
			);
			name = FavouriteController;
			path = ..;
			sourceTree = "<group>";
		};
/* End PBXGroup section */

/* Begin PBXNativeTarget section */
		CC6C2D5E2B0E4CC0003C5F2E /* RickAndMorty */ = {
			isa = PBXNativeTarget;
			buildConfigurationList = CC6C2D732B0E4CC4003C5F2E /* Build configuration list for PBXNativeTarget "RickAndMorty" */;
			buildPhases = (
				CC6C2D5B2B0E4CC0003C5F2E /* Sources */,
				CC6C2D5C2B0E4CC0003C5F2E /* Frameworks */,
				CC6C2D5D2B0E4CC0003C5F2E /* Resources */,
			);
			buildRules = (
			);
			dependencies = (
			);
			name = RickAndMorty;
			productName = RickAndMorty;
			productReference = CC6C2D5F2B0E4CC0003C5F2E /* RickAndMorty.app */;
			productType = "com.apple.product-type.application";
		};
/* End PBXNativeTarget section */

/* Begin PBXProject section */
		CC6C2D572B0E4CC0003C5F2E /* Project object */ = {
			isa = PBXProject;
			attributes = {
				BuildIndependentTargetsInParallel = 1;
				LastSwiftUpdateCheck = 1400;
				LastUpgradeCheck = 1400;
				TargetAttributes = {
					CC6C2D5E2B0E4CC0003C5F2E = {
						CreatedOnToolsVersion = 14.0.1;
					};
				};
			};
			buildConfigurationList = CC6C2D5A2B0E4CC0003C5F2E /* Build configuration list for PBXProject "RickAndMorty" */;
			compatibilityVersion = "Xcode 14.0";
			developmentRegion = en;
			hasScannedForEncodings = 0;
			knownRegions = (
				en,
				Base,
			);
			mainGroup = CC6C2D562B0E4CC0003C5F2E;
			productRefGroup = CC6C2D602B0E4CC0003C5F2E /* Products */;
			projectDirPath = "";
			projectRoot = "";
			targets = (
				CC6C2D5E2B0E4CC0003C5F2E /* RickAndMorty */,
			);
		};
/* End PBXProject section */

/* Begin PBXResourcesBuildPhase section */
		CC6C2D5D2B0E4CC0003C5F2E /* Resources */ = {
			isa = PBXResourcesBuildPhase;
			buildActionMask = 2147483647;
			files = (
				CC6C2D6F2B0E4CC4003C5F2E /* LaunchScreen.storyboard in Resources */,
				CC69566B2B134AF80048F86E /* Assets.xcassets in Resources */,
				CC6C2D6A2B0E4CC0003C5F2E /* Main.storyboard in Resources */,
			);
			runOnlyForDeploymentPostprocessing = 0;
		};
/* End PBXResourcesBuildPhase section */

/* Begin PBXSourcesBuildPhase section */
		CC6C2D5B2B0E4CC0003C5F2E /* Sources */ = {
			isa = PBXSourcesBuildPhase;
			buildActionMask = 2147483647;
			files = (
				CC6C2D672B0E4CC0003C5F2E /* LaunchScreenViewController.swift in Sources */,
				CC6C2D632B0E4CC0003C5F2E /* AppDelegate.swift in Sources */,
				CC6956712B1380D10048F86E /* EpisodeCollectionViewCustomCell.swift in Sources */,
				CC69566F2B134EB80048F86E /* TabBaController.swift in Sources */,
				CC1BCA102B14957F009311E0 /* NameOfEpisodeView.swift in Sources */,
				CC8ADB2D2B153A0C00D122E7 /* EpisodeRequestModel.swift in Sources */,
				CC6C2D772B0E4D67003C5F2E /* EpisodeViewController.swift in Sources */,
				CC6956692B133D310048F86E /* FavouritesViewController.swift in Sources */,
				CC1BCA122B14A4C9009311E0 /* UIColorExtension.swift in Sources */,
				CC86F3372B17634A00326809 /* CharacterRequestModel.swift in Sources */,
				CC6C2D652B0E4CC0003C5F2E /* SceneDelegate.swift in Sources */,
				CC86F33D2B17658500326809 /* UIImageViewExtension.swift in Sources */,
			);
			runOnlyForDeploymentPostprocessing = 0;
		};
/* End PBXSourcesBuildPhase section */

/* Begin PBXVariantGroup section */
		CC6C2D682B0E4CC0003C5F2E /* Main.storyboard */ = {
			isa = PBXVariantGroup;
			children = (
				CC6C2D692B0E4CC0003C5F2E /* Base */,
			);
			name = Main.storyboard;
			sourceTree = "<group>";
		};
		CC6C2D6D2B0E4CC4003C5F2E /* LaunchScreen.storyboard */ = {
			isa = PBXVariantGroup;
			children = (
				CC6C2D6E2B0E4CC4003C5F2E /* Base */,
			);
			name = LaunchScreen.storyboard;
			sourceTree = "<group>";
		};
/* End PBXVariantGroup section */

/* Begin XCBuildConfiguration section */
		CC6C2D712B0E4CC4003C5F2E /* Debug */ = {
			isa = XCBuildConfiguration;
			buildSettings = {
				ALWAYS_SEARCH_USER_PATHS = NO;
				CLANG_ANALYZER_NONNULL = YES;
				CLANG_ANALYZER_NUMBER_OBJECT_CONVERSION = YES_AGGRESSIVE;
				CLANG_CXX_LANGUAGE_STANDARD = "gnu++20";
				CLANG_ENABLE_MODULES = YES;
				CLANG_ENABLE_OBJC_ARC = YES;
				CLANG_ENABLE_OBJC_WEAK = YES;
				CLANG_WARN_BLOCK_CAPTURE_AUTORELEASING = YES;
				CLANG_WARN_BOOL_CONVERSION = YES;
				CLANG_WARN_COMMA = YES;
				CLANG_WARN_CONSTANT_CONVERSION = YES;
				CLANG_WARN_DEPRECATED_OBJC_IMPLEMENTATIONS = YES;
				CLANG_WARN_DIRECT_OBJC_ISA_USAGE = YES_ERROR;
				CLANG_WARN_DOCUMENTATION_COMMENTS = YES;
				CLANG_WARN_EMPTY_BODY = YES;
				CLANG_WARN_ENUM_CONVERSION = YES;
				CLANG_WARN_INFINITE_RECURSION = YES;
				CLANG_WARN_INT_CONVERSION = YES;
				CLANG_WARN_NON_LITERAL_NULL_CONVERSION = YES;
				CLANG_WARN_OBJC_IMPLICIT_RETAIN_SELF = YES;
				CLANG_WARN_OBJC_LITERAL_CONVERSION = YES;
				CLANG_WARN_OBJC_ROOT_CLASS = YES_ERROR;
				CLANG_WARN_QUOTED_INCLUDE_IN_FRAMEWORK_HEADER = YES;
				CLANG_WARN_RANGE_LOOP_ANALYSIS = YES;
				CLANG_WARN_STRICT_PROTOTYPES = YES;
				CLANG_WARN_SUSPICIOUS_MOVE = YES;
				CLANG_WARN_UNGUARDED_AVAILABILITY = YES_AGGRESSIVE;
				CLANG_WARN_UNREACHABLE_CODE = YES;
				CLANG_WARN__DUPLICATE_METHOD_MATCH = YES;
				COPY_PHASE_STRIP = NO;
				DEBUG_INFORMATION_FORMAT = dwarf;
				ENABLE_STRICT_OBJC_MSGSEND = YES;
				ENABLE_TESTABILITY = YES;
				GCC_C_LANGUAGE_STANDARD = gnu11;
				GCC_DYNAMIC_NO_PIC = NO;
				GCC_NO_COMMON_BLOCKS = YES;
				GCC_OPTIMIZATION_LEVEL = 0;
				GCC_PREPROCESSOR_DEFINITIONS = (
					"DEBUG=1",
					"$(inherited)",
				);
				GCC_WARN_64_TO_32_BIT_CONVERSION = YES;
				GCC_WARN_ABOUT_RETURN_TYPE = YES_ERROR;
				GCC_WARN_UNDECLARED_SELECTOR = YES;
				GCC_WARN_UNINITIALIZED_AUTOS = YES_AGGRESSIVE;
				GCC_WARN_UNUSED_FUNCTION = YES;
				GCC_WARN_UNUSED_VARIABLE = YES;
				IPHONEOS_DEPLOYMENT_TARGET = 16.0;
				MTL_ENABLE_DEBUG_INFO = INCLUDE_SOURCE;
				MTL_FAST_MATH = YES;
				ONLY_ACTIVE_ARCH = YES;
				SDKROOT = iphoneos;
				SWIFT_ACTIVE_COMPILATION_CONDITIONS = DEBUG;
				SWIFT_OPTIMIZATION_LEVEL = "-Onone";
			};
			name = Debug;
		};
		CC6C2D722B0E4CC4003C5F2E /* Release */ = {
			isa = XCBuildConfiguration;
			buildSettings = {
				ALWAYS_SEARCH_USER_PATHS = NO;
				CLANG_ANALYZER_NONNULL = YES;
				CLANG_ANALYZER_NUMBER_OBJECT_CONVERSION = YES_AGGRESSIVE;
				CLANG_CXX_LANGUAGE_STANDARD = "gnu++20";
				CLANG_ENABLE_MODULES = YES;
				CLANG_ENABLE_OBJC_ARC = YES;
				CLANG_ENABLE_OBJC_WEAK = YES;
				CLANG_WARN_BLOCK_CAPTURE_AUTORELEASING = YES;
				CLANG_WARN_BOOL_CONVERSION = YES;
				CLANG_WARN_COMMA = YES;
				CLANG_WARN_CONSTANT_CONVERSION = YES;
				CLANG_WARN_DEPRECATED_OBJC_IMPLEMENTATIONS = YES;
				CLANG_WARN_DIRECT_OBJC_ISA_USAGE = YES_ERROR;
				CLANG_WARN_DOCUMENTATION_COMMENTS = YES;
				CLANG_WARN_EMPTY_BODY = YES;
				CLANG_WARN_ENUM_CONVERSION = YES;
				CLANG_WARN_INFINITE_RECURSION = YES;
				CLANG_WARN_INT_CONVERSION = YES;
				CLANG_WARN_NON_LITERAL_NULL_CONVERSION = YES;
				CLANG_WARN_OBJC_IMPLICIT_RETAIN_SELF = YES;
				CLANG_WARN_OBJC_LITERAL_CONVERSION = YES;
				CLANG_WARN_OBJC_ROOT_CLASS = YES_ERROR;
				CLANG_WARN_QUOTED_INCLUDE_IN_FRAMEWORK_HEADER = YES;
				CLANG_WARN_RANGE_LOOP_ANALYSIS = YES;
				CLANG_WARN_STRICT_PROTOTYPES = YES;
				CLANG_WARN_SUSPICIOUS_MOVE = YES;
				CLANG_WARN_UNGUARDED_AVAILABILITY = YES_AGGRESSIVE;
				CLANG_WARN_UNREACHABLE_CODE = YES;
				CLANG_WARN__DUPLICATE_METHOD_MATCH = YES;
				COPY_PHASE_STRIP = NO;
				DEBUG_INFORMATION_FORMAT = "dwarf-with-dsym";
				ENABLE_NS_ASSERTIONS = NO;
				ENABLE_STRICT_OBJC_MSGSEND = YES;
				GCC_C_LANGUAGE_STANDARD = gnu11;
				GCC_NO_COMMON_BLOCKS = YES;
				GCC_WARN_64_TO_32_BIT_CONVERSION = YES;
				GCC_WARN_ABOUT_RETURN_TYPE = YES_ERROR;
				GCC_WARN_UNDECLARED_SELECTOR = YES;
				GCC_WARN_UNINITIALIZED_AUTOS = YES_AGGRESSIVE;
				GCC_WARN_UNUSED_FUNCTION = YES;
				GCC_WARN_UNUSED_VARIABLE = YES;
				IPHONEOS_DEPLOYMENT_TARGET = 16.0;
				MTL_ENABLE_DEBUG_INFO = NO;
				MTL_FAST_MATH = YES;
				SDKROOT = iphoneos;
				SWIFT_COMPILATION_MODE = wholemodule;
				SWIFT_OPTIMIZATION_LEVEL = "-O";
				VALIDATE_PRODUCT = YES;
			};
			name = Release;
		};
		CC6C2D742B0E4CC4003C5F2E /* Debug */ = {
			isa = XCBuildConfiguration;
			buildSettings = {
				ASSETCATALOG_COMPILER_APPICON_NAME = AppIcon;
				ASSETCATALOG_COMPILER_GLOBAL_ACCENT_COLOR_NAME = AccentColor;
				CODE_SIGN_STYLE = Automatic;
				CURRENT_PROJECT_VERSION = 1;
				GENERATE_INFOPLIST_FILE = YES;
				INFOPLIST_FILE = RickAndMorty/Info.plist;
				INFOPLIST_KEY_UIApplicationSupportsIndirectInputEvents = YES;
				INFOPLIST_KEY_UILaunchStoryboardName = LaunchScreen;
				INFOPLIST_KEY_UIMainStoryboardFile = Main;
				INFOPLIST_KEY_UISupportedInterfaceOrientations_iPad = "UIInterfaceOrientationPortrait UIInterfaceOrientationPortraitUpsideDown UIInterfaceOrientationLandscapeLeft UIInterfaceOrientationLandscapeRight";
				INFOPLIST_KEY_UISupportedInterfaceOrientations_iPhone = "UIInterfaceOrientationPortrait UIInterfaceOrientationLandscapeLeft UIInterfaceOrientationLandscapeRight";
				LD_RUNPATH_SEARCH_PATHS = (
					"$(inherited)",
					"@executable_path/Frameworks",
				);
				MARKETING_VERSION = 1.0;
				PRODUCT_BUNDLE_IDENTIFIER = "Maksim-Zhukov.RickAndMorty";
				PRODUCT_NAME = "$(TARGET_NAME)";
				SWIFT_EMIT_LOC_STRINGS = YES;
				SWIFT_VERSION = 5.0;
				TARGETED_DEVICE_FAMILY = "1,2";
			};
			name = Debug;
		};
		CC6C2D752B0E4CC4003C5F2E /* Release */ = {
			isa = XCBuildConfiguration;
			buildSettings = {
				ASSETCATALOG_COMPILER_APPICON_NAME = AppIcon;
				ASSETCATALOG_COMPILER_GLOBAL_ACCENT_COLOR_NAME = AccentColor;
				CODE_SIGN_STYLE = Automatic;
				CURRENT_PROJECT_VERSION = 1;
				GENERATE_INFOPLIST_FILE = YES;
				INFOPLIST_FILE = RickAndMorty/Info.plist;
				INFOPLIST_KEY_UIApplicationSupportsIndirectInputEvents = YES;
				INFOPLIST_KEY_UILaunchStoryboardName = LaunchScreen;
				INFOPLIST_KEY_UIMainStoryboardFile = Main;
				INFOPLIST_KEY_UISupportedInterfaceOrientations_iPad = "UIInterfaceOrientationPortrait UIInterfaceOrientationPortraitUpsideDown UIInterfaceOrientationLandscapeLeft UIInterfaceOrientationLandscapeRight";
				INFOPLIST_KEY_UISupportedInterfaceOrientations_iPhone = "UIInterfaceOrientationPortrait UIInterfaceOrientationLandscapeLeft UIInterfaceOrientationLandscapeRight";
				LD_RUNPATH_SEARCH_PATHS = (
					"$(inherited)",
					"@executable_path/Frameworks",
				);
				MARKETING_VERSION = 1.0;
				PRODUCT_BUNDLE_IDENTIFIER = "Maksim-Zhukov.RickAndMorty";
				PRODUCT_NAME = "$(TARGET_NAME)";
				SWIFT_EMIT_LOC_STRINGS = YES;
				SWIFT_VERSION = 5.0;
				TARGETED_DEVICE_FAMILY = "1,2";
			};
			name = Release;
		};
/* End XCBuildConfiguration section */

/* Begin XCConfigurationList section */
		CC6C2D5A2B0E4CC0003C5F2E /* Build configuration list for PBXProject "RickAndMorty" */ = {
			isa = XCConfigurationList;
			buildConfigurations = (
				CC6C2D712B0E4CC4003C5F2E /* Debug */,
				CC6C2D722B0E4CC4003C5F2E /* Release */,
			);
			defaultConfigurationIsVisible = 0;
			defaultConfigurationName = Release;
		};
		CC6C2D732B0E4CC4003C5F2E /* Build configuration list for PBXNativeTarget "RickAndMorty" */ = {
			isa = XCConfigurationList;
			buildConfigurations = (
				CC6C2D742B0E4CC4003C5F2E /* Debug */,
				CC6C2D752B0E4CC4003C5F2E /* Release */,
			);
			defaultConfigurationIsVisible = 0;
			defaultConfigurationName = Release;
		};
/* End XCConfigurationList section */
	};
	rootObject = CC6C2D572B0E4CC0003C5F2E /* Project object */;
}
